// !$*UTF8*$!
{
	archiveVersion = 1;
	classes = {
	};
	objectVersion = 56;
	objects = {

/* Begin PBXBuildFile section */
		E81FDD172B2A11F300F95E51 /* AppDelegate.swift in Sources */ = {isa = PBXBuildFile; fileRef = E81FDD162B2A11F300F95E51 /* AppDelegate.swift */; };
		E81FDD192B2A11F300F95E51 /* SceneDelegate.swift in Sources */ = {isa = PBXBuildFile; fileRef = E81FDD182B2A11F300F95E51 /* SceneDelegate.swift */; };
		E81FDD232B2A11F400F95E51 /* LaunchScreen.storyboard in Resources */ = {isa = PBXBuildFile; fileRef = E81FDD212B2A11F400F95E51 /* LaunchScreen.storyboard */; };
		E81FDD2B2B2A123800F95E51 /* ContainerViewController.swift in Sources */ = {isa = PBXBuildFile; fileRef = E81FDD2A2B2A123800F95E51 /* ContainerViewController.swift */; };
		E81FDD352B2A123E00F95E51 /* FontContants.swift in Sources */ = {isa = PBXBuildFile; fileRef = E81FDD2D2B2A123E00F95E51 /* FontContants.swift */; };
		E81FDD362B2A123E00F95E51 /* SFProDisplay-Medium.OTF in Resources */ = {isa = PBXBuildFile; fileRef = E81FDD2F2B2A123E00F95E51 /* SFProDisplay-Medium.OTF */; };
		E81FDD372B2A123E00F95E51 /* roboto-regular.ttf in Resources */ = {isa = PBXBuildFile; fileRef = E81FDD302B2A123E00F95E51 /* roboto-regular.ttf */; };
		E81FDD382B2A123E00F95E51 /* SFProDisplay-Regular.ttf in Resources */ = {isa = PBXBuildFile; fileRef = E81FDD312B2A123E00F95E51 /* SFProDisplay-Regular.ttf */; };
		E81FDD392B2A123E00F95E51 /* Roboto-Bold.ttf in Resources */ = {isa = PBXBuildFile; fileRef = E81FDD322B2A123E00F95E51 /* Roboto-Bold.ttf */; };
		E81FDD3A2B2A123E00F95E51 /* SFProDisplay-Semibold.ttf in Resources */ = {isa = PBXBuildFile; fileRef = E81FDD332B2A123E00F95E51 /* SFProDisplay-Semibold.ttf */; };
		E81FDD3B2B2A123E00F95E51 /* ColorConstants.swift in Sources */ = {isa = PBXBuildFile; fileRef = E81FDD342B2A123E00F95E51 /* ColorConstants.swift */; };
		E81FDD532B2A124400F95E51 /* CatalogModel.swift in Sources */ = {isa = PBXBuildFile; fileRef = E81FDD3E2B2A124400F95E51 /* CatalogModel.swift */; };
		E81FDD542B2A124400F95E51 /* CatalogCell.swift in Sources */ = {isa = PBXBuildFile; fileRef = E81FDD3F2B2A124400F95E51 /* CatalogCell.swift */; };
		E81FDD552B2A124400F95E51 /* CatalogCollectionView.swift in Sources */ = {isa = PBXBuildFile; fileRef = E81FDD402B2A124400F95E51 /* CatalogCollectionView.swift */; };
		E81FDD562B2A124400F95E51 /* PromoSectionModel.swift in Sources */ = {isa = PBXBuildFile; fileRef = E81FDD422B2A124400F95E51 /* PromoSectionModel.swift */; };
		E81FDD572B2A124400F95E51 /* PromoSectionCell.swift in Sources */ = {isa = PBXBuildFile; fileRef = E81FDD432B2A124400F95E51 /* PromoSectionCell.swift */; };
		E81FDD592B2A124400F95E51 /* PromoSectionCollectionView.swift in Sources */ = {isa = PBXBuildFile; fileRef = E81FDD452B2A124400F95E51 /* PromoSectionCollectionView.swift */; };
		E81FDD5A2B2A124400F95E51 /* PromoBannerCell.swift in Sources */ = {isa = PBXBuildFile; fileRef = E81FDD472B2A124400F95E51 /* PromoBannerCell.swift */; };
		E81FDD5B2B2A124400F95E51 /* PromoBannerModel.swift in Sources */ = {isa = PBXBuildFile; fileRef = E81FDD482B2A124400F95E51 /* PromoBannerModel.swift */; };
		E81FDD5C2B2A124400F95E51 /* PromoBannerCollectionView.swift in Sources */ = {isa = PBXBuildFile; fileRef = E81FDD492B2A124400F95E51 /* PromoBannerCollectionView.swift */; };
		E81FDD5D2B2A124400F95E51 /* SearchAddressCell.swift in Sources */ = {isa = PBXBuildFile; fileRef = E81FDD4B2B2A124400F95E51 /* SearchAddressCell.swift */; };
		E81FDD5E2B2A124400F95E51 /* SearchAddressBottomSheet.swift in Sources */ = {isa = PBXBuildFile; fileRef = E81FDD4C2B2A124400F95E51 /* SearchAddressBottomSheet.swift */; };
		E81FDD5F2B2A124400F95E51 /* LeftMenuViewController.swift in Sources */ = {isa = PBXBuildFile; fileRef = E81FDD4D2B2A124400F95E51 /* LeftMenuViewController.swift */; };
		E81FDD602B2A124400F95E51 /* MainScreenViewController.swift in Sources */ = {isa = PBXBuildFile; fileRef = E81FDD4E2B2A124400F95E51 /* MainScreenViewController.swift */; };
		E81FDD612B2A124400F95E51 /* DiscountProductCell.swift in Sources */ = {isa = PBXBuildFile; fileRef = E81FDD502B2A124400F95E51 /* DiscountProductCell.swift */; };
		E81FDD622B2A124400F95E51 /* DiscountProductModel.swift in Sources */ = {isa = PBXBuildFile; fileRef = E81FDD512B2A124400F95E51 /* DiscountProductModel.swift */; };
		E81FDD632B2A124400F95E51 /* DiscountProductCollectionView.swift in Sources */ = {isa = PBXBuildFile; fileRef = E81FDD522B2A124400F95E51 /* DiscountProductCollectionView.swift */; };
		E81FDD682B2A124900F95E51 /* ServiceSuggestion.swift in Sources */ = {isa = PBXBuildFile; fileRef = E81FDD652B2A124900F95E51 /* ServiceSuggestion.swift */; };
		E81FDD692B2A124900F95E51 /* AddresResultModel.swift in Sources */ = {isa = PBXBuildFile; fileRef = E81FDD662B2A124900F95E51 /* AddresResultModel.swift */; };
		E81FDD6A2B2A124900F95E51 /* NetworkDataFetcher.swift in Sources */ = {isa = PBXBuildFile; fileRef = E81FDD672B2A124900F95E51 /* NetworkDataFetcher.swift */; };
		E81FDD6F2B2A126600F95E51 /* Alamofire in Frameworks */ = {isa = PBXBuildFile; productRef = E81FDD6E2B2A126600F95E51 /* Alamofire */; };
		E81FDD722B2A127D00F95E51 /* SnapKit in Frameworks */ = {isa = PBXBuildFile; productRef = E81FDD712B2A127D00F95E51 /* SnapKit */; };
		E81FDD742B2A127D00F95E51 /* SnapKit-Dynamic in Frameworks */ = {isa = PBXBuildFile; productRef = E81FDD732B2A127D00F95E51 /* SnapKit-Dynamic */; };
		E86F44FD2B2A147B00F4A35E /* Assets.xcassets in Resources */ = {isa = PBXBuildFile; fileRef = E86F44FC2B2A147B00F4A35E /* Assets.xcassets */; };
		E8EC633E2B2C69400012D7F1 /* TimerNsObject.swift in Sources */ = {isa = PBXBuildFile; fileRef = E8EC633D2B2C69400012D7F1 /* TimerNsObject.swift */; };
		E8EC63402B2C69900012D7F1 /* ExstensionString.swift in Sources */ = {isa = PBXBuildFile; fileRef = E8EC633F2B2C69900012D7F1 /* ExstensionString.swift */; };
/* End PBXBuildFile section */

/* Begin PBXFileReference section */
		E81FDD132B2A11F300F95E51 /* DeliveryMenuApp.app */ = {isa = PBXFileReference; explicitFileType = wrapper.application; includeInIndex = 0; path = DeliveryMenuApp.app; sourceTree = BUILT_PRODUCTS_DIR; };
		E81FDD162B2A11F300F95E51 /* AppDelegate.swift */ = {isa = PBXFileReference; lastKnownFileType = sourcecode.swift; path = AppDelegate.swift; sourceTree = "<group>"; };
		E81FDD182B2A11F300F95E51 /* SceneDelegate.swift */ = {isa = PBXFileReference; lastKnownFileType = sourcecode.swift; path = SceneDelegate.swift; sourceTree = "<group>"; };
		E81FDD222B2A11F400F95E51 /* Base */ = {isa = PBXFileReference; lastKnownFileType = file.storyboard; name = Base; path = Base.lproj/LaunchScreen.storyboard; sourceTree = "<group>"; };
		E81FDD242B2A11F400F95E51 /* Info.plist */ = {isa = PBXFileReference; lastKnownFileType = text.plist.xml; path = Info.plist; sourceTree = "<group>"; };
		E81FDD2A2B2A123800F95E51 /* ContainerViewController.swift */ = {isa = PBXFileReference; fileEncoding = 4; lastKnownFileType = sourcecode.swift; path = ContainerViewController.swift; sourceTree = "<group>"; };
		E81FDD2D2B2A123E00F95E51 /* FontContants.swift */ = {isa = PBXFileReference; fileEncoding = 4; lastKnownFileType = sourcecode.swift; path = FontContants.swift; sourceTree = "<group>"; };
		E81FDD2F2B2A123E00F95E51 /* SFProDisplay-Medium.OTF */ = {isa = PBXFileReference; lastKnownFileType = file; path = "SFProDisplay-Medium.OTF"; sourceTree = "<group>"; };
		E81FDD302B2A123E00F95E51 /* roboto-regular.ttf */ = {isa = PBXFileReference; lastKnownFileType = file; path = "roboto-regular.ttf"; sourceTree = "<group>"; };
		E81FDD312B2A123E00F95E51 /* SFProDisplay-Regular.ttf */ = {isa = PBXFileReference; lastKnownFileType = file; path = "SFProDisplay-Regular.ttf"; sourceTree = "<group>"; };
		E81FDD322B2A123E00F95E51 /* Roboto-Bold.ttf */ = {isa = PBXFileReference; lastKnownFileType = file; path = "Roboto-Bold.ttf"; sourceTree = "<group>"; };
		E81FDD332B2A123E00F95E51 /* SFProDisplay-Semibold.ttf */ = {isa = PBXFileReference; lastKnownFileType = file; path = "SFProDisplay-Semibold.ttf"; sourceTree = "<group>"; };
		E81FDD342B2A123E00F95E51 /* ColorConstants.swift */ = {isa = PBXFileReference; fileEncoding = 4; lastKnownFileType = sourcecode.swift; path = ColorConstants.swift; sourceTree = "<group>"; };
		E81FDD3E2B2A124400F95E51 /* CatalogModel.swift */ = {isa = PBXFileReference; fileEncoding = 4; lastKnownFileType = sourcecode.swift; path = CatalogModel.swift; sourceTree = "<group>"; };
		E81FDD3F2B2A124400F95E51 /* CatalogCell.swift */ = {isa = PBXFileReference; fileEncoding = 4; lastKnownFileType = sourcecode.swift; path = CatalogCell.swift; sourceTree = "<group>"; };
		E81FDD402B2A124400F95E51 /* CatalogCollectionView.swift */ = {isa = PBXFileReference; fileEncoding = 4; lastKnownFileType = sourcecode.swift; path = CatalogCollectionView.swift; sourceTree = "<group>"; };
		E81FDD422B2A124400F95E51 /* PromoSectionModel.swift */ = {isa = PBXFileReference; fileEncoding = 4; lastKnownFileType = sourcecode.swift; path = PromoSectionModel.swift; sourceTree = "<group>"; };
		E81FDD432B2A124400F95E51 /* PromoSectionCell.swift */ = {isa = PBXFileReference; fileEncoding = 4; lastKnownFileType = sourcecode.swift; path = PromoSectionCell.swift; sourceTree = "<group>"; };
		E81FDD452B2A124400F95E51 /* PromoSectionCollectionView.swift */ = {isa = PBXFileReference; fileEncoding = 4; lastKnownFileType = sourcecode.swift; path = PromoSectionCollectionView.swift; sourceTree = "<group>"; };
		E81FDD472B2A124400F95E51 /* PromoBannerCell.swift */ = {isa = PBXFileReference; fileEncoding = 4; lastKnownFileType = sourcecode.swift; path = PromoBannerCell.swift; sourceTree = "<group>"; };
		E81FDD482B2A124400F95E51 /* PromoBannerModel.swift */ = {isa = PBXFileReference; fileEncoding = 4; lastKnownFileType = sourcecode.swift; path = PromoBannerModel.swift; sourceTree = "<group>"; };
		E81FDD492B2A124400F95E51 /* PromoBannerCollectionView.swift */ = {isa = PBXFileReference; fileEncoding = 4; lastKnownFileType = sourcecode.swift; path = PromoBannerCollectionView.swift; sourceTree = "<group>"; };
		E81FDD4B2B2A124400F95E51 /* SearchAddressCell.swift */ = {isa = PBXFileReference; fileEncoding = 4; lastKnownFileType = sourcecode.swift; path = SearchAddressCell.swift; sourceTree = "<group>"; };
		E81FDD4C2B2A124400F95E51 /* SearchAddressBottomSheet.swift */ = {isa = PBXFileReference; fileEncoding = 4; lastKnownFileType = sourcecode.swift; path = SearchAddressBottomSheet.swift; sourceTree = "<group>"; };
		E81FDD4D2B2A124400F95E51 /* LeftMenuViewController.swift */ = {isa = PBXFileReference; fileEncoding = 4; lastKnownFileType = sourcecode.swift; path = LeftMenuViewController.swift; sourceTree = "<group>"; };
		E81FDD4E2B2A124400F95E51 /* MainScreenViewController.swift */ = {isa = PBXFileReference; fileEncoding = 4; lastKnownFileType = sourcecode.swift; path = MainScreenViewController.swift; sourceTree = "<group>"; };
		E81FDD502B2A124400F95E51 /* DiscountProductCell.swift */ = {isa = PBXFileReference; fileEncoding = 4; lastKnownFileType = sourcecode.swift; path = DiscountProductCell.swift; sourceTree = "<group>"; };
		E81FDD512B2A124400F95E51 /* DiscountProductModel.swift */ = {isa = PBXFileReference; fileEncoding = 4; lastKnownFileType = sourcecode.swift; path = DiscountProductModel.swift; sourceTree = "<group>"; };
		E81FDD522B2A124400F95E51 /* DiscountProductCollectionView.swift */ = {isa = PBXFileReference; fileEncoding = 4; lastKnownFileType = sourcecode.swift; path = DiscountProductCollectionView.swift; sourceTree = "<group>"; };
		E81FDD652B2A124900F95E51 /* ServiceSuggestion.swift */ = {isa = PBXFileReference; fileEncoding = 4; lastKnownFileType = sourcecode.swift; path = ServiceSuggestion.swift; sourceTree = "<group>"; };
		E81FDD662B2A124900F95E51 /* AddresResultModel.swift */ = {isa = PBXFileReference; fileEncoding = 4; lastKnownFileType = sourcecode.swift; path = AddresResultModel.swift; sourceTree = "<group>"; };
		E81FDD672B2A124900F95E51 /* NetworkDataFetcher.swift */ = {isa = PBXFileReference; fileEncoding = 4; lastKnownFileType = sourcecode.swift; path = NetworkDataFetcher.swift; sourceTree = "<group>"; };
		E86F44FC2B2A147B00F4A35E /* Assets.xcassets */ = {isa = PBXFileReference; lastKnownFileType = folder.assetcatalog; path = Assets.xcassets; sourceTree = "<group>"; };
		E8EC633D2B2C69400012D7F1 /* TimerNsObject.swift */ = {isa = PBXFileReference; lastKnownFileType = sourcecode.swift; path = TimerNsObject.swift; sourceTree = "<group>"; };
		E8EC633F2B2C69900012D7F1 /* ExstensionString.swift */ = {isa = PBXFileReference; lastKnownFileType = sourcecode.swift; path = ExstensionString.swift; sourceTree = "<group>"; };
/* End PBXFileReference section */

/* Begin PBXFrameworksBuildPhase section */
		E81FDD102B2A11F300F95E51 /* Frameworks */ = {
			isa = PBXFrameworksBuildPhase;
			buildActionMask = 2147483647;
			files = (
				E81FDD6F2B2A126600F95E51 /* Alamofire in Frameworks */,
				E81FDD722B2A127D00F95E51 /* SnapKit in Frameworks */,
				E81FDD742B2A127D00F95E51 /* SnapKit-Dynamic in Frameworks */,
			);
			runOnlyForDeploymentPostprocessing = 0;
		};
/* End PBXFrameworksBuildPhase section */

/* Begin PBXGroup section */
		E81FDD0A2B2A11F300F95E51 = {
			isa = PBXGroup;
			children = (
				E81FDD152B2A11F300F95E51 /* DeliveryMenuApp */,
				E81FDD142B2A11F300F95E51 /* Products */,
			);
			sourceTree = "<group>";
		};
		E81FDD142B2A11F300F95E51 /* Products */ = {
			isa = PBXGroup;
			children = (
				E81FDD132B2A11F300F95E51 /* DeliveryMenuApp.app */,
			);
			name = Products;
			sourceTree = "<group>";
		};
		E81FDD152B2A11F300F95E51 /* DeliveryMenuApp */ = {
			isa = PBXGroup;
			children = (
				E81FDD162B2A11F300F95E51 /* AppDelegate.swift */,
				E81FDD182B2A11F300F95E51 /* SceneDelegate.swift */,
				E81FDD2A2B2A123800F95E51 /* ContainerViewController.swift */,
				E81FDD642B2A124900F95E51 /* Network */,
				E81FDD2C2B2A123E00F95E51 /* Managers */,
				E81FDD3C2B2A124400F95E51 /* Screens */,
				E8EC633C2B2C691B0012D7F1 /* Exstension */,
				E86F44FC2B2A147B00F4A35E /* Assets.xcassets */,
				E81FDD212B2A11F400F95E51 /* LaunchScreen.storyboard */,
				E81FDD242B2A11F400F95E51 /* Info.plist */,
			);
			path = DeliveryMenuApp;
			sourceTree = "<group>";
		};
		E81FDD2C2B2A123E00F95E51 /* Managers */ = {
			isa = PBXGroup;
			children = (
				E81FDD342B2A123E00F95E51 /* ColorConstants.swift */,
				E81FDD2D2B2A123E00F95E51 /* FontContants.swift */,
				E81FDD2E2B2A123E00F95E51 /* Fonts */,
			);
			path = Managers;
			sourceTree = "<group>";
		};
		E81FDD2E2B2A123E00F95E51 /* Fonts */ = {
			isa = PBXGroup;
			children = (
				E81FDD2F2B2A123E00F95E51 /* SFProDisplay-Medium.OTF */,
				E81FDD302B2A123E00F95E51 /* roboto-regular.ttf */,
				E81FDD312B2A123E00F95E51 /* SFProDisplay-Regular.ttf */,
				E81FDD322B2A123E00F95E51 /* Roboto-Bold.ttf */,
				E81FDD332B2A123E00F95E51 /* SFProDisplay-Semibold.ttf */,
			);
			path = Fonts;
			sourceTree = "<group>";
		};
		E81FDD3C2B2A124400F95E51 /* Screens */ = {
			isa = PBXGroup;
			children = (
				E81FDD4E2B2A124400F95E51 /* MainScreenViewController.swift */,
				E81FDD4D2B2A124400F95E51 /* LeftMenuViewController.swift */,
				E81FDD3D2B2A124400F95E51 /* Catalog */,
				E81FDD412B2A124400F95E51 /* PromoSection */,
				E81FDD462B2A124400F95E51 /* PromoBanner */,
				E81FDD4A2B2A124400F95E51 /* SearchAddressBottomSheet */,
				E81FDD4F2B2A124400F95E51 /* DiscountProduct */,
			);
			path = Screens;
			sourceTree = "<group>";
		};
		E81FDD3D2B2A124400F95E51 /* Catalog */ = {
			isa = PBXGroup;
			children = (
				E81FDD3E2B2A124400F95E51 /* CatalogModel.swift */,
				E81FDD3F2B2A124400F95E51 /* CatalogCell.swift */,
				E81FDD402B2A124400F95E51 /* CatalogCollectionView.swift */,
			);
			path = Catalog;
			sourceTree = "<group>";
		};
		E81FDD412B2A124400F95E51 /* PromoSection */ = {
			isa = PBXGroup;
			children = (
				E81FDD452B2A124400F95E51 /* PromoSectionCollectionView.swift */,
				E81FDD432B2A124400F95E51 /* PromoSectionCell.swift */,
				E81FDD422B2A124400F95E51 /* PromoSectionModel.swift */,
			);
			path = PromoSection;
			sourceTree = "<group>";
		};
		E81FDD462B2A124400F95E51 /* PromoBanner */ = {
			isa = PBXGroup;
			children = (
				E81FDD492B2A124400F95E51 /* PromoBannerCollectionView.swift */,
				E81FDD472B2A124400F95E51 /* PromoBannerCell.swift */,
				E81FDD482B2A124400F95E51 /* PromoBannerModel.swift */,
			);
			path = PromoBanner;
			sourceTree = "<group>";
		};
		E81FDD4A2B2A124400F95E51 /* SearchAddressBottomSheet */ = {
			isa = PBXGroup;
			children = (
				E81FDD4B2B2A124400F95E51 /* SearchAddressCell.swift */,
				E81FDD4C2B2A124400F95E51 /* SearchAddressBottomSheet.swift */,
			);
			path = SearchAddressBottomSheet;
			sourceTree = "<group>";
		};
		E81FDD4F2B2A124400F95E51 /* DiscountProduct */ = {
			isa = PBXGroup;
			children = (
				E81FDD502B2A124400F95E51 /* DiscountProductCell.swift */,
				E81FDD512B2A124400F95E51 /* DiscountProductModel.swift */,
				E81FDD522B2A124400F95E51 /* DiscountProductCollectionView.swift */,
			);
			path = DiscountProduct;
			sourceTree = "<group>";
		};
		E81FDD642B2A124900F95E51 /* Network */ = {
			isa = PBXGroup;
			children = (
				E81FDD652B2A124900F95E51 /* ServiceSuggestion.swift */,
				E81FDD662B2A124900F95E51 /* AddresResultModel.swift */,
				E81FDD672B2A124900F95E51 /* NetworkDataFetcher.swift */,
			);
			path = Network;
			sourceTree = "<group>";
		};
		E8EC633C2B2C691B0012D7F1 /* Exstension */ = {
			isa = PBXGroup;
			children = (
				E8EC633D2B2C69400012D7F1 /* TimerNsObject.swift */,
				E8EC633F2B2C69900012D7F1 /* ExstensionString.swift */,
			);
			path = Exstension;
			sourceTree = "<group>";
		};
/* End PBXGroup section */

/* Begin PBXNativeTarget section */
		E81FDD122B2A11F300F95E51 /* DeliveryMenuApp */ = {
			isa = PBXNativeTarget;
			buildConfigurationList = E81FDD272B2A11F400F95E51 /* Build configuration list for PBXNativeTarget "DeliveryMenuApp" */;
			buildPhases = (
				E81FDD0F2B2A11F300F95E51 /* Sources */,
				E81FDD102B2A11F300F95E51 /* Frameworks */,
				E81FDD112B2A11F300F95E51 /* Resources */,
			);
			buildRules = (
			);
			dependencies = (
			);
			name = DeliveryMenuApp;
			packageProductDependencies = (
				E81FDD6E2B2A126600F95E51 /* Alamofire */,
				E81FDD712B2A127D00F95E51 /* SnapKit */,
				E81FDD732B2A127D00F95E51 /* SnapKit-Dynamic */,
			);
			productName = DeliveryMenuApp;
			productReference = E81FDD132B2A11F300F95E51 /* DeliveryMenuApp.app */;
			productType = "com.apple.product-type.application";
		};
/* End PBXNativeTarget section */

/* Begin PBXProject section */
		E81FDD0B2B2A11F300F95E51 /* Project object */ = {
			isa = PBXProject;
			attributes = {
				BuildIndependentTargetsInParallel = 1;
				LastSwiftUpdateCheck = 1500;
				LastUpgradeCheck = 1500;
				TargetAttributes = {
					E81FDD122B2A11F300F95E51 = {
						CreatedOnToolsVersion = 15.0.1;
					};
				};
			};
			buildConfigurationList = E81FDD0E2B2A11F300F95E51 /* Build configuration list for PBXProject "DeliveryMenuApp" */;
			compatibilityVersion = "Xcode 14.0";
			developmentRegion = en;
			hasScannedForEncodings = 0;
			knownRegions = (
				en,
				Base,
			);
			mainGroup = E81FDD0A2B2A11F300F95E51;
			packageReferences = (
				E81FDD6D2B2A126600F95E51 /* XCRemoteSwiftPackageReference "Alamofire" */,
				E81FDD702B2A127D00F95E51 /* XCRemoteSwiftPackageReference "SnapKit" */,
			);
			productRefGroup = E81FDD142B2A11F300F95E51 /* Products */;
			projectDirPath = "";
			projectRoot = "";
			targets = (
				E81FDD122B2A11F300F95E51 /* DeliveryMenuApp */,
			);
		};
/* End PBXProject section */

/* Begin PBXResourcesBuildPhase section */
		E81FDD112B2A11F300F95E51 /* Resources */ = {
			isa = PBXResourcesBuildPhase;
			buildActionMask = 2147483647;
			files = (
				E81FDD392B2A123E00F95E51 /* Roboto-Bold.ttf in Resources */,
				E81FDD3A2B2A123E00F95E51 /* SFProDisplay-Semibold.ttf in Resources */,
				E81FDD362B2A123E00F95E51 /* SFProDisplay-Medium.OTF in Resources */,
				E81FDD232B2A11F400F95E51 /* LaunchScreen.storyboard in Resources */,
				E81FDD372B2A123E00F95E51 /* roboto-regular.ttf in Resources */,
				E81FDD382B2A123E00F95E51 /* SFProDisplay-Regular.ttf in Resources */,
				E86F44FD2B2A147B00F4A35E /* Assets.xcassets in Resources */,
			);
			runOnlyForDeploymentPostprocessing = 0;
		};
/* End PBXResourcesBuildPhase section */

/* Begin PBXSourcesBuildPhase section */
		E81FDD0F2B2A11F300F95E51 /* Sources */ = {
			isa = PBXSourcesBuildPhase;
			buildActionMask = 2147483647;
			files = (
				E81FDD552B2A124400F95E51 /* CatalogCollectionView.swift in Sources */,
				E81FDD572B2A124400F95E51 /* PromoSectionCell.swift in Sources */,
				E81FDD5E2B2A124400F95E51 /* SearchAddressBottomSheet.swift in Sources */,
				E81FDD172B2A11F300F95E51 /* AppDelegate.swift in Sources */,
				E81FDD5C2B2A124400F95E51 /* PromoBannerCollectionView.swift in Sources */,
				E81FDD692B2A124900F95E51 /* AddresResultModel.swift in Sources */,
				E81FDD562B2A124400F95E51 /* PromoSectionModel.swift in Sources */,
				E81FDD612B2A124400F95E51 /* DiscountProductCell.swift in Sources */,
				E81FDD682B2A124900F95E51 /* ServiceSuggestion.swift in Sources */,
				E81FDD6A2B2A124900F95E51 /* NetworkDataFetcher.swift in Sources */,
				E81FDD3B2B2A123E00F95E51 /* ColorConstants.swift in Sources */,
				E81FDD5B2B2A124400F95E51 /* PromoBannerModel.swift in Sources */,
				E81FDD5A2B2A124400F95E51 /* PromoBannerCell.swift in Sources */,
				E81FDD542B2A124400F95E51 /* CatalogCell.swift in Sources */,
				E81FDD602B2A124400F95E51 /* MainScreenViewController.swift in Sources */,
				E81FDD622B2A124400F95E51 /* DiscountProductModel.swift in Sources */,
				E81FDD2B2B2A123800F95E51 /* ContainerViewController.swift in Sources */,
				E81FDD632B2A124400F95E51 /* DiscountProductCollectionView.swift in Sources */,
				E8EC63402B2C69900012D7F1 /* ExstensionString.swift in Sources */,
				E81FDD592B2A124400F95E51 /* PromoSectionCollectionView.swift in Sources */,
				E8EC633E2B2C69400012D7F1 /* TimerNsObject.swift in Sources */,
				E81FDD532B2A124400F95E51 /* CatalogModel.swift in Sources */,
				E81FDD5F2B2A124400F95E51 /* LeftMenuViewController.swift in Sources */,
				E81FDD352B2A123E00F95E51 /* FontContants.swift in Sources */,
				E81FDD5D2B2A124400F95E51 /* SearchAddressCell.swift in Sources */,
				E81FDD192B2A11F300F95E51 /* SceneDelegate.swift in Sources */,
			);
			runOnlyForDeploymentPostprocessing = 0;
		};
/* End PBXSourcesBuildPhase section */

/* Begin PBXVariantGroup section */
		E81FDD212B2A11F400F95E51 /* LaunchScreen.storyboard */ = {
			isa = PBXVariantGroup;
			children = (
				E81FDD222B2A11F400F95E51 /* Base */,
			);
			name = LaunchScreen.storyboard;
			sourceTree = "<group>";
		};
/* End PBXVariantGroup section */

/* Begin XCBuildConfiguration section */
		E81FDD252B2A11F400F95E51 /* Debug */ = {
			isa = XCBuildConfiguration;
			buildSettings = {
				ALWAYS_SEARCH_USER_PATHS = NO;
				ASSETCATALOG_COMPILER_GENERATE_SWIFT_ASSET_SYMBOL_EXTENSIONS = YES;
				CLANG_ANALYZER_NONNULL = YES;
				CLANG_ANALYZER_NUMBER_OBJECT_CONVERSION = YES_AGGRESSIVE;
				CLANG_CXX_LANGUAGE_STANDARD = "gnu++20";
				CLANG_ENABLE_MODULES = YES;
				CLANG_ENABLE_OBJC_ARC = YES;
				CLANG_ENABLE_OBJC_WEAK = YES;
				CLANG_WARN_BLOCK_CAPTURE_AUTORELEASING = YES;
				CLANG_WARN_BOOL_CONVERSION = YES;
				CLANG_WARN_COMMA = YES;
				CLANG_WARN_CONSTANT_CONVERSION = YES;
				CLANG_WARN_DEPRECATED_OBJC_IMPLEMENTATIONS = YES;
				CLANG_WARN_DIRECT_OBJC_ISA_USAGE = YES_ERROR;
				CLANG_WARN_DOCUMENTATION_COMMENTS = YES;
				CLANG_WARN_EMPTY_BODY = YES;
				CLANG_WARN_ENUM_CONVERSION = YES;
				CLANG_WARN_INFINITE_RECURSION = YES;
				CLANG_WARN_INT_CONVERSION = YES;
				CLANG_WARN_NON_LITERAL_NULL_CONVERSION = YES;
				CLANG_WARN_OBJC_IMPLICIT_RETAIN_SELF = YES;
				CLANG_WARN_OBJC_LITERAL_CONVERSION = YES;
				CLANG_WARN_OBJC_ROOT_CLASS = YES_ERROR;
				CLANG_WARN_QUOTED_INCLUDE_IN_FRAMEWORK_HEADER = YES;
				CLANG_WARN_RANGE_LOOP_ANALYSIS = YES;
				CLANG_WARN_STRICT_PROTOTYPES = YES;
				CLANG_WARN_SUSPICIOUS_MOVE = YES;
				CLANG_WARN_UNGUARDED_AVAILABILITY = YES_AGGRESSIVE;
				CLANG_WARN_UNREACHABLE_CODE = YES;
				CLANG_WARN__DUPLICATE_METHOD_MATCH = YES;
				COPY_PHASE_STRIP = NO;
				DEBUG_INFORMATION_FORMAT = dwarf;
				ENABLE_STRICT_OBJC_MSGSEND = YES;
				ENABLE_TESTABILITY = YES;
				ENABLE_USER_SCRIPT_SANDBOXING = YES;
				GCC_C_LANGUAGE_STANDARD = gnu17;
				GCC_DYNAMIC_NO_PIC = NO;
				GCC_NO_COMMON_BLOCKS = YES;
				GCC_OPTIMIZATION_LEVEL = 0;
				GCC_PREPROCESSOR_DEFINITIONS = (
					"DEBUG=1",
					"$(inherited)",
				);
				GCC_WARN_64_TO_32_BIT_CONVERSION = YES;
				GCC_WARN_ABOUT_RETURN_TYPE = YES_ERROR;
				GCC_WARN_UNDECLARED_SELECTOR = YES;
				GCC_WARN_UNINITIALIZED_AUTOS = YES_AGGRESSIVE;
				GCC_WARN_UNUSED_FUNCTION = YES;
				GCC_WARN_UNUSED_VARIABLE = YES;
				IPHONEOS_DEPLOYMENT_TARGET = 17.0;
				LOCALIZATION_PREFERS_STRING_CATALOGS = YES;
				MTL_ENABLE_DEBUG_INFO = INCLUDE_SOURCE;
				MTL_FAST_MATH = YES;
				ONLY_ACTIVE_ARCH = YES;
				SDKROOT = iphoneos;
				SWIFT_ACTIVE_COMPILATION_CONDITIONS = "DEBUG $(inherited)";
				SWIFT_OPTIMIZATION_LEVEL = "-Onone";
			};
			name = Debug;
		};
		E81FDD262B2A11F400F95E51 /* Release */ = {
			isa = XCBuildConfiguration;
			buildSettings = {
				ALWAYS_SEARCH_USER_PATHS = NO;
				ASSETCATALOG_COMPILER_GENERATE_SWIFT_ASSET_SYMBOL_EXTENSIONS = YES;
				CLANG_ANALYZER_NONNULL = YES;
				CLANG_ANALYZER_NUMBER_OBJECT_CONVERSION = YES_AGGRESSIVE;
				CLANG_CXX_LANGUAGE_STANDARD = "gnu++20";
				CLANG_ENABLE_MODULES = YES;
				CLANG_ENABLE_OBJC_ARC = YES;
				CLANG_ENABLE_OBJC_WEAK = YES;
				CLANG_WARN_BLOCK_CAPTURE_AUTORELEASING = YES;
				CLANG_WARN_BOOL_CONVERSION = YES;
				CLANG_WARN_COMMA = YES;
				CLANG_WARN_CONSTANT_CONVERSION = YES;
				CLANG_WARN_DEPRECATED_OBJC_IMPLEMENTATIONS = YES;
				CLANG_WARN_DIRECT_OBJC_ISA_USAGE = YES_ERROR;
				CLANG_WARN_DOCUMENTATION_COMMENTS = YES;
				CLANG_WARN_EMPTY_BODY = YES;
				CLANG_WARN_ENUM_CONVERSION = YES;
				CLANG_WARN_INFINITE_RECURSION = YES;
				CLANG_WARN_INT_CONVERSION = YES;
				CLANG_WARN_NON_LITERAL_NULL_CONVERSION = YES;
				CLANG_WARN_OBJC_IMPLICIT_RETAIN_SELF = YES;
				CLANG_WARN_OBJC_LITERAL_CONVERSION = YES;
				CLANG_WARN_OBJC_ROOT_CLASS = YES_ERROR;
				CLANG_WARN_QUOTED_INCLUDE_IN_FRAMEWORK_HEADER = YES;
				CLANG_WARN_RANGE_LOOP_ANALYSIS = YES;
				CLANG_WARN_STRICT_PROTOTYPES = YES;
				CLANG_WARN_SUSPICIOUS_MOVE = YES;
				CLANG_WARN_UNGUARDED_AVAILABILITY = YES_AGGRESSIVE;
				CLANG_WARN_UNREACHABLE_CODE = YES;
				CLANG_WARN__DUPLICATE_METHOD_MATCH = YES;
				COPY_PHASE_STRIP = NO;
				DEBUG_INFORMATION_FORMAT = "dwarf-with-dsym";
				ENABLE_NS_ASSERTIONS = NO;
				ENABLE_STRICT_OBJC_MSGSEND = YES;
				ENABLE_USER_SCRIPT_SANDBOXING = YES;
				GCC_C_LANGUAGE_STANDARD = gnu17;
				GCC_NO_COMMON_BLOCKS = YES;
				GCC_WARN_64_TO_32_BIT_CONVERSION = YES;
				GCC_WARN_ABOUT_RETURN_TYPE = YES_ERROR;
				GCC_WARN_UNDECLARED_SELECTOR = YES;
				GCC_WARN_UNINITIALIZED_AUTOS = YES_AGGRESSIVE;
				GCC_WARN_UNUSED_FUNCTION = YES;
				GCC_WARN_UNUSED_VARIABLE = YES;
				IPHONEOS_DEPLOYMENT_TARGET = 17.0;
				LOCALIZATION_PREFERS_STRING_CATALOGS = YES;
				MTL_ENABLE_DEBUG_INFO = NO;
				MTL_FAST_MATH = YES;
				SDKROOT = iphoneos;
				SWIFT_COMPILATION_MODE = wholemodule;
				VALIDATE_PRODUCT = YES;
			};
			name = Release;
		};
		E81FDD282B2A11F400F95E51 /* Debug */ = {
			isa = XCBuildConfiguration;
			buildSettings = {
				ASSETCATALOG_COMPILER_APPICON_NAME = AppIcon;
				ASSETCATALOG_COMPILER_GLOBAL_ACCENT_COLOR_NAME = AccentColor;
				CODE_SIGN_STYLE = Automatic;
				CURRENT_PROJECT_VERSION = 1;
				DEVELOPMENT_TEAM = 4R22XJ9TD9;
				GENERATE_INFOPLIST_FILE = YES;
				INFOPLIST_FILE = DeliveryMenuApp/Info.plist;
				INFOPLIST_KEY_UIApplicationSupportsIndirectInputEvents = YES;
				INFOPLIST_KEY_UILaunchStoryboardName = LaunchScreen;
				INFOPLIST_KEY_UISupportedInterfaceOrientations_iPad = "UIInterfaceOrientationPortrait UIInterfaceOrientationPortraitUpsideDown UIInterfaceOrientationLandscapeLeft UIInterfaceOrientationLandscapeRight";
				INFOPLIST_KEY_UISupportedInterfaceOrientations_iPhone = "UIInterfaceOrientationPortrait UIInterfaceOrientationLandscapeLeft UIInterfaceOrientationLandscapeRight";
				LD_RUNPATH_SEARCH_PATHS = (
					"$(inherited)",
					"@executable_path/Frameworks",
				);
				MARKETING_VERSION = 1.0;
				PRODUCT_BUNDLE_IDENTIFIER = IvanPonomarev.DeliveryMenuApp;
				PRODUCT_NAME = "$(TARGET_NAME)";
				SWIFT_EMIT_LOC_STRINGS = YES;
				SWIFT_VERSION = 5.0;
				TARGETED_DEVICE_FAMILY = "1,2";
			};
			name = Debug;
		};
		E81FDD292B2A11F400F95E51 /* Release */ = {
			isa = XCBuildConfiguration;
			buildSettings = {
				ASSETCATALOG_COMPILER_APPICON_NAME = AppIcon;
				ASSETCATALOG_COMPILER_GLOBAL_ACCENT_COLOR_NAME = AccentColor;
				CODE_SIGN_STYLE = Automatic;
				CURRENT_PROJECT_VERSION = 1;
				DEVELOPMENT_TEAM = 4R22XJ9TD9;
				GENERATE_INFOPLIST_FILE = YES;
				INFOPLIST_FILE = DeliveryMenuApp/Info.plist;
				INFOPLIST_KEY_UIApplicationSupportsIndirectInputEvents = YES;
				INFOPLIST_KEY_UILaunchStoryboardName = LaunchScreen;
				INFOPLIST_KEY_UISupportedInterfaceOrientations_iPad = "UIInterfaceOrientationPortrait UIInterfaceOrientationPortraitUpsideDown UIInterfaceOrientationLandscapeLeft UIInterfaceOrientationLandscapeRight";
				INFOPLIST_KEY_UISupportedInterfaceOrientations_iPhone = "UIInterfaceOrientationPortrait UIInterfaceOrientationLandscapeLeft UIInterfaceOrientationLandscapeRight";
				LD_RUNPATH_SEARCH_PATHS = (
					"$(inherited)",
					"@executable_path/Frameworks",
				);
				MARKETING_VERSION = 1.0;
				PRODUCT_BUNDLE_IDENTIFIER = IvanPonomarev.DeliveryMenuApp;
				PRODUCT_NAME = "$(TARGET_NAME)";
				SWIFT_EMIT_LOC_STRINGS = YES;
				SWIFT_VERSION = 5.0;
				TARGETED_DEVICE_FAMILY = "1,2";
			};
			name = Release;
		};
/* End XCBuildConfiguration section */

/* Begin XCConfigurationList section */
		E81FDD0E2B2A11F300F95E51 /* Build configuration list for PBXProject "DeliveryMenuApp" */ = {
			isa = XCConfigurationList;
			buildConfigurations = (
				E81FDD252B2A11F400F95E51 /* Debug */,
				E81FDD262B2A11F400F95E51 /* Release */,
			);
			defaultConfigurationIsVisible = 0;
			defaultConfigurationName = Release;
		};
		E81FDD272B2A11F400F95E51 /* Build configuration list for PBXNativeTarget "DeliveryMenuApp" */ = {
			isa = XCConfigurationList;
			buildConfigurations = (
				E81FDD282B2A11F400F95E51 /* Debug */,
				E81FDD292B2A11F400F95E51 /* Release */,
			);
			defaultConfigurationIsVisible = 0;
			defaultConfigurationName = Release;
		};
/* End XCConfigurationList section */

/* Begin XCRemoteSwiftPackageReference section */
		E81FDD6D2B2A126600F95E51 /* XCRemoteSwiftPackageReference "Alamofire" */ = {
			isa = XCRemoteSwiftPackageReference;
			repositoryURL = "https://github.com/Alamofire/Alamofire";
			requirement = {
				kind = upToNextMajorVersion;
				minimumVersion = 5.8.1;
			};
		};
		E81FDD702B2A127D00F95E51 /* XCRemoteSwiftPackageReference "SnapKit" */ = {
			isa = XCRemoteSwiftPackageReference;
			repositoryURL = "https://github.com/SnapKit/SnapKit";
			requirement = {
				kind = upToNextMajorVersion;
				minimumVersion = 5.6.0;
			};
		};
/* End XCRemoteSwiftPackageReference section */

/* Begin XCSwiftPackageProductDependency section */
		E81FDD6E2B2A126600F95E51 /* Alamofire */ = {
			isa = XCSwiftPackageProductDependency;
			package = E81FDD6D2B2A126600F95E51 /* XCRemoteSwiftPackageReference "Alamofire" */;
			productName = Alamofire;
		};
		E81FDD712B2A127D00F95E51 /* SnapKit */ = {
			isa = XCSwiftPackageProductDependency;
			package = E81FDD702B2A127D00F95E51 /* XCRemoteSwiftPackageReference "SnapKit" */;
			productName = SnapKit;
		};
		E81FDD732B2A127D00F95E51 /* SnapKit-Dynamic */ = {
			isa = XCSwiftPackageProductDependency;
			package = E81FDD702B2A127D00F95E51 /* XCRemoteSwiftPackageReference "SnapKit" */;
			productName = "SnapKit-Dynamic";
		};
/* End XCSwiftPackageProductDependency section */
	};
	rootObject = E81FDD0B2B2A11F300F95E51 /* Project object */;
}
